{
    "_meta": {
        "hash": {
            "sha256": "0f68b0b558ff7a0075ac70d8fc53f8ef3bcc27d40c873049f5e1c9b06f527f22"
        },
        "pipfile-spec": 6,
        "requires": {
            "python_version": "3.9"
        },
        "sources": [
            {
                "name": "pip_conf_index_global",
                "url": "https://nexus.roqs.basf.net/repository/python/simple",
                "verify_ssl": false
            }
        ]
    },
    "default": {},
    "develop": {}
}
